
Microsoft Visual Studio Solution File, Format Version 12.00
Project("{FAE04EC0-301F-11D3-BF4B-00C04F79EFBC}") = "GameForUlearnAttempt3", "GameForUlearnAttempt3.csproj", "{02CEE70F-7D7E-4433-A829-E8FF6423B247}"
EndProject
Project("{FAE04EC0-301F-11D3-BF4B-00C04F79EFBC}") = "Engine", "Engine\Engine.csproj", "{4E69ACE3-8295-4BAD-B8EF-FB2A4DD372D4}"
EndProject
Global
	GlobalSection(SolutionConfigurationPlatforms) = preSolution
		Debug|Any CPU = Debug|Any CPU
		Release|Any CPU = Release|Any CPU
	EndGlobalSection
	GlobalSection(ProjectConfigurationPlatforms) = postSolution
		{02CEE70F-7D7E-4433-A829-E8FF6423B247}.Debug|Any CPU.ActiveCfg = Debug|Any CPU
		{02CEE70F-7D7E-4433-A829-E8FF6423B247}.Debug|Any CPU.Build.0 = Debug|Any CPU
		{02CEE70F-7D7E-4433-A829-E8FF6423B247}.Release|Any CPU.ActiveCfg = Release|Any CPU
		{02CEE70F-7D7E-4433-A829-E8FF6423B247}.Release|Any CPU.Build.0 = Release|Any CPU
		{4E69ACE3-8295-4BAD-B8EF-FB2A4DD372D4}.Debug|Any CPU.ActiveCfg = Debug|Any CPU
		{4E69ACE3-8295-4BAD-B8EF-FB2A4DD372D4}.Debug|Any CPU.Build.0 = Debug|Any CPU
		{4E69ACE3-8295-4BAD-B8EF-FB2A4DD372D4}.Release|Any CPU.ActiveCfg = Release|Any CPU
		{4E69ACE3-8295-4BAD-B8EF-FB2A4DD372D4}.Release|Any CPU.Build.0 = Release|Any CPU
	EndGlobalSection
EndGlobal
